
Microsoft Visual Studio Solution File, Format Version 12.00
# Visual Studio Version 16
VisualStudioVersion = 16.0.30907.101
MinimumVisualStudioVersion = 10.0.40219.1
Project("{FAE04EC0-301F-11D3-BF4B-00C04F79EFBC}") = "iFire_V2.UWP", "iFire_V2.UWP\iFire_V2.UWP.csproj", "{37C3F6CE-CC9B-49E6-B44F-2423AB4906C8}"
EndProject
Project("{FAE04EC0-301F-11D3-BF4B-00C04F79EFBC}") = "iFire_V2.Android", "iFire_V2.Android\iFire_V2.Android.csproj", "{32240130-8BEA-4E37-B853-CC51ECF1FF78}"
EndProject
Project("{FAE04EC0-301F-11D3-BF4B-00C04F79EFBC}") = "iFire_V2.iOS", "iFire_V2.iOS\iFire_V2.iOS.csproj", "{29F0FF46-1073-400C-AA3B-8B262EDF0E60}"
EndProject
Project("{FAE04EC0-301F-11D3-BF4B-00C04F79EFBC}") = "iFire_V2", "iFire_V2\iFire_V2.csproj", "{120D8985-356D-4021-AD51-FBFD660E79E2}"
EndProject
Global
	GlobalSection(SolutionConfigurationPlatforms) = preSolution
		Debug|Any CPU = Debug|Any CPU
		Debug|ARM = Debug|ARM
		Debug|iPhone = Debug|iPhone
		Debug|iPhoneSimulator = Debug|iPhoneSimulator
		Debug|x64 = Debug|x64
		Debug|x86 = Debug|x86
		Release|Any CPU = Release|Any CPU
		Release|ARM = Release|ARM
		Release|iPhone = Release|iPhone
		Release|iPhoneSimulator = Release|iPhoneSimulator
		Release|x64 = Release|x64
		Release|x86 = Release|x86
	EndGlobalSection
	GlobalSection(ProjectConfigurationPlatforms) = postSolution
		{37C3F6CE-CC9B-49E6-B44F-2423AB4906C8}.Debug|Any CPU.ActiveCfg = Debug|x86
		{37C3F6CE-CC9B-49E6-B44F-2423AB4906C8}.Debug|Any CPU.Build.0 = Debug|x86
		{37C3F6CE-CC9B-49E6-B44F-2423AB4906C8}.Debug|Any CPU.Deploy.0 = Debug|x86
		{37C3F6CE-CC9B-49E6-B44F-2423AB4906C8}.Debug|ARM.ActiveCfg = Debug|ARM
		{37C3F6CE-CC9B-49E6-B44F-2423AB4906C8}.Debug|ARM.Build.0 = Debug|ARM
		{37C3F6CE-CC9B-49E6-B44F-2423AB4906C8}.Debug|ARM.Deploy.0 = Debug|ARM
		{37C3F6CE-CC9B-49E6-B44F-2423AB4906C8}.Debug|iPhone.ActiveCfg = Debug|x86
		{37C3F6CE-CC9B-49E6-B44F-2423AB4906C8}.Debug|iPhone.Build.0 = Debug|x86
		{37C3F6CE-CC9B-49E6-B44F-2423AB4906C8}.Debug|iPhone.Deploy.0 = Debug|x86
		{37C3F6CE-CC9B-49E6-B44F-2423AB4906C8}.Debug|iPhoneSimulator.ActiveCfg = Debug|x86
		{37C3F6CE-CC9B-49E6-B44F-2423AB4906C8}.Debug|iPhoneSimulator.Build.0 = Debug|x86
		{37C3F6CE-CC9B-49E6-B44F-2423AB4906C8}.Debug|iPhoneSimulator.Deploy.0 = Debug|x86
		{37C3F6CE-CC9B-49E6-B44F-2423AB4906C8}.Debug|x64.ActiveCfg = Debug|x64
		{37C3F6CE-CC9B-49E6-B44F-2423AB4906C8}.Debug|x64.Build.0 = Debug|x64
		{37C3F6CE-CC9B-49E6-B44F-2423AB4906C8}.Debug|x64.Deploy.0 = Debug|x64
		{37C3F6CE-CC9B-49E6-B44F-2423AB4906C8}.Debug|x86.ActiveCfg = Debug|x86
		{37C3F6CE-CC9B-49E6-B44F-2423AB4906C8}.Debug|x86.Build.0 = Debug|x86
		{37C3F6CE-CC9B-49E6-B44F-2423AB4906C8}.Debug|x86.Deploy.0 = Debug|x86
		{37C3F6CE-CC9B-49E6-B44F-2423AB4906C8}.Release|Any CPU.ActiveCfg = Release|x86
		{37C3F6CE-CC9B-49E6-B44F-2423AB4906C8}.Release|Any CPU.Build.0 = Release|x86
		{37C3F6CE-CC9B-49E6-B44F-2423AB4906C8}.Release|Any CPU.Deploy.0 = Release|x86
		{37C3F6CE-CC9B-49E6-B44F-2423AB4906C8}.Release|ARM.ActiveCfg = Release|ARM
		{37C3F6CE-CC9B-49E6-B44F-2423AB4906C8}.Release|ARM.Build.0 = Release|ARM
		{37C3F6CE-CC9B-49E6-B44F-2423AB4906C8}.Release|ARM.Deploy.0 = Release|ARM
		{37C3F6CE-CC9B-49E6-B44F-2423AB4906C8}.Release|iPhone.ActiveCfg = Release|x86
		{37C3F6CE-CC9B-49E6-B44F-2423AB4906C8}.Release|iPhone.Build.0 = Release|x86
		{37C3F6CE-CC9B-49E6-B44F-2423AB4906C8}.Release|iPhone.Deploy.0 = Release|x86
		{37C3F6CE-CC9B-49E6-B44F-2423AB4906C8}.Release|iPhoneSimulator.ActiveCfg = Release|x86
		{37C3F6CE-CC9B-49E6-B44F-2423AB4906C8}.Release|iPhoneSimulator.Build.0 = Release|x86
		{37C3F6CE-CC9B-49E6-B44F-2423AB4906C8}.Release|iPhoneSimulator.Deploy.0 = Release|x86
		{37C3F6CE-CC9B-49E6-B44F-2423AB4906C8}.Release|x64.ActiveCfg = Release|x64
		{37C3F6CE-CC9B-49E6-B44F-2423AB4906C8}.Release|x64.Build.0 = Release|x64
		{37C3F6CE-CC9B-49E6-B44F-2423AB4906C8}.Release|x64.Deploy.0 = Release|x64
		{37C3F6CE-CC9B-49E6-B44F-2423AB4906C8}.Release|x86.ActiveCfg = Release|x86
		{37C3F6CE-CC9B-49E6-B44F-2423AB4906C8}.Release|x86.Build.0 = Release|x86
		{37C3F6CE-CC9B-49E6-B44F-2423AB4906C8}.Release|x86.Deploy.0 = Release|x86
		{32240130-8BEA-4E37-B853-CC51ECF1FF78}.Debug|Any CPU.ActiveCfg = Debug|Any CPU
		{32240130-8BEA-4E37-B853-CC51ECF1FF78}.Debug|Any CPU.Build.0 = Debug|Any CPU
		{32240130-8BEA-4E37-B853-CC51ECF1FF78}.Debug|Any CPU.Deploy.0 = Debug|Any CPU
		{32240130-8BEA-4E37-B853-CC51ECF1FF78}.Debug|ARM.ActiveCfg = Debug|Any CPU
		{32240130-8BEA-4E37-B853-CC51ECF1FF78}.Debug|ARM.Build.0 = Debug|Any CPU
		{32240130-8BEA-4E37-B853-CC51ECF1FF78}.Debug|ARM.Deploy.0 = Debug|Any CPU
		{32240130-8BEA-4E37-B853-CC51ECF1FF78}.Debug|iPhone.ActiveCfg = Debug|Any CPU
		{32240130-8BEA-4E37-B853-CC51ECF1FF78}.Debug|iPhone.Build.0 = Debug|Any CPU
		{32240130-8BEA-4E37-B853-CC51ECF1FF78}.Debug|iPhone.Deploy.0 = Debug|Any CPU
		{32240130-8BEA-4E37-B853-CC51ECF1FF78}.Debug|iPhoneSimulator.ActiveCfg = Debug|Any CPU
		{32240130-8BEA-4E37-B853-CC51ECF1FF78}.Debug|iPhoneSimulator.Build.0 = Debug|Any CPU
		{32240130-8BEA-4E37-B853-CC51ECF1FF78}.Debug|iPhoneSimulator.Deploy.0 = Debug|Any CPU
		{32240130-8BEA-4E37-B853-CC51ECF1FF78}.Debug|x64.ActiveCfg = Debug|Any CPU
		{32240130-8BEA-4E37-B853-CC51ECF1FF78}.Debug|x64.Build.0 = Debug|Any CPU
		{32240130-8BEA-4E37-B853-CC51ECF1FF78}.Debug|x64.Deploy.0 = Debug|Any CPU
		{32240130-8BEA-4E37-B853-CC51ECF1FF78}.Debug|x86.ActiveCfg = Debug|Any CPU
		{32240130-8BEA-4E37-B853-CC51ECF1FF78}.Debug|x86.Build.0 = Debug|Any CPU
		{32240130-8BEA-4E37-B853-CC51ECF1FF78}.Debug|x86.Deploy.0 = Debug|Any CPU
		{32240130-8BEA-4E37-B853-CC51ECF1FF78}.Release|Any CPU.ActiveCfg = Release|Any CPU
		{32240130-8BEA-4E37-B853-CC51ECF1FF78}.Release|Any CPU.Build.0 = Release|Any CPU
		{32240130-8BEA-4E37-B853-CC51ECF1FF78}.Release|Any CPU.Deploy.0 = Release|Any CPU
		{32240130-8BEA-4E37-B853-CC51ECF1FF78}.Release|ARM.ActiveCfg = Release|Any CPU
		{32240130-8BEA-4E37-B853-CC51ECF1FF78}.Release|ARM.Build.0 = Release|Any CPU
		{32240130-8BEA-4E37-B853-CC51ECF1FF78}.Release|ARM.Deploy.0 = Release|Any CPU
		{32240130-8BEA-4E37-B853-CC51ECF1FF78}.Release|iPhone.ActiveCfg = Release|Any CPU
		{32240130-8BEA-4E37-B853-CC51ECF1FF78}.Release|iPhone.Build.0 = Release|Any CPU
		{32240130-8BEA-4E37-B853-CC51ECF1FF78}.Release|iPhone.Deploy.0 = Release|Any CPU
		{32240130-8BEA-4E37-B853-CC51ECF1FF78}.Release|iPhoneSimulator.ActiveCfg = Release|Any CPU
		{32240130-8BEA-4E37-B853-CC51ECF1FF78}.Release|iPhoneSimulator.Build.0 = Release|Any CPU
		{32240130-8BEA-4E37-B853-CC51ECF1FF78}.Release|iPhoneSimulator.Deploy.0 = Release|Any CPU
		{32240130-8BEA-4E37-B853-CC51ECF1FF78}.Release|x64.ActiveCfg = Release|Any CPU
		{32240130-8BEA-4E37-B853-CC51ECF1FF78}.Release|x64.Build.0 = Release|Any CPU
		{32240130-8BEA-4E37-B853-CC51ECF1FF78}.Release|x64.Deploy.0 = Release|Any CPU
		{32240130-8BEA-4E37-B853-CC51ECF1FF78}.Release|x86.ActiveCfg = Release|Any CPU
		{32240130-8BEA-4E37-B853-CC51ECF1FF78}.Release|x86.Build.0 = Release|Any CPU
		{32240130-8BEA-4E37-B853-CC51ECF1FF78}.Release|x86.Deploy.0 = Release|Any CPU
		{29F0FF46-1073-400C-AA3B-8B262EDF0E60}.Debug|Any CPU.ActiveCfg = Debug|iPhoneSimulator
		{29F0FF46-1073-400C-AA3B-8B262EDF0E60}.Debug|Any CPU.Build.0 = Debug|iPhoneSimulator
		{29F0FF46-1073-400C-AA3B-8B262EDF0E60}.Debug|Any CPU.Deploy.0 = Debug|iPhoneSimulator
		{29F0FF46-1073-400C-AA3B-8B262EDF0E60}.Debug|ARM.ActiveCfg = Debug|iPhone
		{29F0FF46-1073-400C-AA3B-8B262EDF0E60}.Debug|ARM.Build.0 = Debug|iPhone
		{29F0FF46-1073-400C-AA3B-8B262EDF0E60}.Debug|ARM.Deploy.0 = Debug|iPhone
		{29F0FF46-1073-400C-AA3B-8B262EDF0E60}.Debug|iPhone.ActiveCfg = Debug|iPhone
		{29F0FF46-1073-400C-AA3B-8B262EDF0E60}.Debug|iPhone.Build.0 = Debug|iPhone
		{29F0FF46-1073-400C-AA3B-8B262EDF0E60}.Debug|iPhone.Deploy.0 = Debug|iPhone
		{29F0FF46-1073-400C-AA3B-8B262EDF0E60}.Debug|iPhoneSimulator.ActiveCfg = Debug|iPhoneSimulator
		{29F0FF46-1073-400C-AA3B-8B262EDF0E60}.Debug|iPhoneSimulator.Build.0 = Debug|iPhoneSimulator
		{29F0FF46-1073-400C-AA3B-8B262EDF0E60}.Debug|iPhoneSimulator.Deploy.0 = Debug|iPhoneSimulator
		{29F0FF46-1073-400C-AA3B-8B262EDF0E60}.Debug|x64.ActiveCfg = Debug|iPhoneSimulator
		{29F0FF46-1073-400C-AA3B-8B262EDF0E60}.Debug|x64.Build.0 = Debug|iPhoneSimulator
		{29F0FF46-1073-400C-AA3B-8B262EDF0E60}.Debug|x64.Deploy.0 = Debug|iPhoneSimulator
		{29F0FF46-1073-400C-AA3B-8B262EDF0E60}.Debug|x86.ActiveCfg = Debug|iPhoneSimulator
		{29F0FF46-1073-400C-AA3B-8B262EDF0E60}.Debug|x86.Build.0 = Debug|iPhoneSimulator
		{29F0FF46-1073-400C-AA3B-8B262EDF0E60}.Debug|x86.Deploy.0 = Debug|iPhoneSimulator
		{29F0FF46-1073-400C-AA3B-8B262EDF0E60}.Release|Any CPU.ActiveCfg = Release|iPhoneSimulator
		{29F0FF46-1073-400C-AA3B-8B262EDF0E60}.Release|Any CPU.Build.0 = Release|iPhoneSimulator
		{29F0FF46-1073-400C-AA3B-8B262EDF0E60}.Release|Any CPU.Deploy.0 = Release|iPhoneSimulator
		{29F0FF46-1073-400C-AA3B-8B262EDF0E60}.Release|ARM.ActiveCfg = Release|iPhoneSimulator
		{29F0FF46-1073-400C-AA3B-8B262EDF0E60}.Release|ARM.Build.0 = Release|iPhoneSimulator
		{29F0FF46-1073-400C-AA3B-8B262EDF0E60}.Release|ARM.Deploy.0 = Release|iPhoneSimulator
		{29F0FF46-1073-400C-AA3B-8B262EDF0E60}.Release|iPhone.ActiveCfg = Release|iPhone
		{29F0FF46-1073-400C-AA3B-8B262EDF0E60}.Release|iPhone.Build.0 = Release|iPhone
		{29F0FF46-1073-400C-AA3B-8B262EDF0E60}.Release|iPhone.Deploy.0 = Release|iPhone
		{29F0FF46-1073-400C-AA3B-8B262EDF0E60}.Release|iPhoneSimulator.ActiveCfg = Release|iPhoneSimulator
		{29F0FF46-1073-400C-AA3B-8B262EDF0E60}.Release|iPhoneSimulator.Build.0 = Release|iPhoneSimulator
		{29F0FF46-1073-400C-AA3B-8B262EDF0E60}.Release|iPhoneSimulator.Deploy.0 = Release|iPhoneSimulator
		{29F0FF46-1073-400C-AA3B-8B262EDF0E60}.Release|x64.ActiveCfg = Release|iPhoneSimulator
		{29F0FF46-1073-400C-AA3B-8B262EDF0E60}.Release|x64.Build.0 = Release|iPhoneSimulator
		{29F0FF46-1073-400C-AA3B-8B262EDF0E60}.Release|x64.Deploy.0 = Release|iPhoneSimulator
		{29F0FF46-1073-400C-AA3B-8B262EDF0E60}.Release|x86.ActiveCfg = Release|iPhoneSimulator
		{29F0FF46-1073-400C-AA3B-8B262EDF0E60}.Release|x86.Build.0 = Release|iPhoneSimulator
		{29F0FF46-1073-400C-AA3B-8B262EDF0E60}.Release|x86.Deploy.0 = Release|iPhoneSimulator
		{120D8985-356D-4021-AD51-FBFD660E79E2}.Debug|Any CPU.ActiveCfg = Debug|Any CPU
		{120D8985-356D-4021-AD51-FBFD660E79E2}.Debug|Any CPU.Build.0 = Debug|Any CPU
		{120D8985-356D-4021-AD51-FBFD660E79E2}.Debug|Any CPU.Deploy.0 = Debug|Any CPU
		{120D8985-356D-4021-AD51-FBFD660E79E2}.Debug|ARM.ActiveCfg = Debug|Any CPU
		{120D8985-356D-4021-AD51-FBFD660E79E2}.Debug|ARM.Build.0 = Debug|Any CPU
		{120D8985-356D-4021-AD51-FBFD660E79E2}.Debug|ARM.Deploy.0 = Debug|Any CPU
		{120D8985-356D-4021-AD51-FBFD660E79E2}.Debug|iPhone.ActiveCfg = Debug|Any CPU
		{120D8985-356D-4021-AD51-FBFD660E79E2}.Debug|iPhone.Build.0 = Debug|Any CPU
		{120D8985-356D-4021-AD51-FBFD660E79E2}.Debug|iPhone.Deploy.0 = Debug|Any CPU
		{120D8985-356D-4021-AD51-FBFD660E79E2}.Debug|iPhoneSimulator.ActiveCfg = Debug|Any CPU
		{120D8985-356D-4021-AD51-FBFD660E79E2}.Debug|iPhoneSimulator.Build.0 = Debug|Any CPU
		{120D8985-356D-4021-AD51-FBFD660E79E2}.Debug|iPhoneSimulator.Deploy.0 = Debug|Any CPU
		{120D8985-356D-4021-AD51-FBFD660E79E2}.Debug|x64.ActiveCfg = Debug|Any CPU
		{120D8985-356D-4021-AD51-FBFD660E79E2}.Debug|x64.Build.0 = Debug|Any CPU
		{120D8985-356D-4021-AD51-FBFD660E79E2}.Debug|x64.Deploy.0 = Debug|Any CPU
		{120D8985-356D-4021-AD51-FBFD660E79E2}.Debug|x86.ActiveCfg = Debug|Any CPU
		{120D8985-356D-4021-AD51-FBFD660E79E2}.Debug|x86.Build.0 = Debug|Any CPU
		{120D8985-356D-4021-AD51-FBFD660E79E2}.Debug|x86.Deploy.0 = Debug|Any CPU
		{120D8985-356D-4021-AD51-FBFD660E79E2}.Release|Any CPU.ActiveCfg = Release|Any CPU
		{120D8985-356D-4021-AD51-FBFD660E79E2}.Release|Any CPU.Build.0 = Release|Any CPU
		{120D8985-356D-4021-AD51-FBFD660E79E2}.Release|Any CPU.Deploy.0 = Release|Any CPU
		{120D8985-356D-4021-AD51-FBFD660E79E2}.Release|ARM.ActiveCfg = Release|Any CPU
		{120D8985-356D-4021-AD51-FBFD660E79E2}.Release|ARM.Build.0 = Release|Any CPU
		{120D8985-356D-4021-AD51-FBFD660E79E2}.Release|ARM.Deploy.0 = Release|Any CPU
		{120D8985-356D-4021-AD51-FBFD660E79E2}.Release|iPhone.ActiveCfg = Release|Any CPU
		{120D8985-356D-4021-AD51-FBFD660E79E2}.Release|iPhone.Build.0 = Release|Any CPU
		{120D8985-356D-4021-AD51-FBFD660E79E2}.Release|iPhone.Deploy.0 = Release|Any CPU
		{120D8985-356D-4021-AD51-FBFD660E79E2}.Release|iPhoneSimulator.ActiveCfg = Release|Any CPU
		{120D8985-356D-4021-AD51-FBFD660E79E2}.Release|iPhoneSimulator.Build.0 = Release|Any CPU
		{120D8985-356D-4021-AD51-FBFD660E79E2}.Release|iPhoneSimulator.Deploy.0 = Release|Any CPU
		{120D8985-356D-4021-AD51-FBFD660E79E2}.Release|x64.ActiveCfg = Release|Any CPU
		{120D8985-356D-4021-AD51-FBFD660E79E2}.Release|x64.Build.0 = Release|Any CPU
		{120D8985-356D-4021-AD51-FBFD660E79E2}.Release|x64.Deploy.0 = Release|Any CPU
		{120D8985-356D-4021-AD51-FBFD660E79E2}.Release|x86.ActiveCfg = Release|Any CPU
		{120D8985-356D-4021-AD51-FBFD660E79E2}.Release|x86.Build.0 = Release|Any CPU
		{120D8985-356D-4021-AD51-FBFD660E79E2}.Release|x86.Deploy.0 = Release|Any CPU
	EndGlobalSection
	GlobalSection(SolutionProperties) = preSolution
		HideSolutionNode = FALSE
	EndGlobalSection
	GlobalSection(ExtensibilityGlobals) = postSolution
		SolutionGuid = {16F5F9CA-0C64-4D90-88E7-898F097CC3EF}
	EndGlobalSection
EndGlobal
